
Microsoft Visual Studio Solution File, Format Version 12.00
# Visual Studio 15
VisualStudioVersion = 15.0.27703.2026
MinimumVisualStudioVersion = 10.0.40219.1
Project("{FAE04EC0-301F-11D3-BF4B-00C04F79EFBC}") = "RealTimeVAD", "RealTimeVAD\RealTimeVAD.csproj", "{FB5B74BF-8879-49C1-BB7A-4BAA5F53510A}"
EndProject
Global
	GlobalSection(SolutionConfigurationPlatforms) = preSolution
		Debug|Any CPU = Debug|Any CPU
		Release|Any CPU = Release|Any CPU
	EndGlobalSection
	GlobalSection(ProjectConfigurationPlatforms) = postSolution
		{FB5B74BF-8879-49C1-BB7A-4BAA5F53510A}.Debug|Any CPU.ActiveCfg = Debug|Any CPU
		{FB5B74BF-8879-49C1-BB7A-4BAA5F53510A}.Debug|Any CPU.Build.0 = Debug|Any CPU
		{FB5B74BF-8879-49C1-BB7A-4BAA5F53510A}.Release|Any CPU.ActiveCfg = Release|Any CPU
		{FB5B74BF-8879-49C1-BB7A-4BAA5F53510A}.Release|Any CPU.Build.0 = Release|Any CPU
	EndGlobalSection
	GlobalSection(SolutionProperties) = preSolution
		HideSolutionNode = FALSE
	EndGlobalSection
	GlobalSection(ExtensibilityGlobals) = postSolution
		SolutionGuid = {EB685DFD-9694-44A7-84F3-47BF74AFC7CC}
	EndGlobalSection
EndGlobal
