
Microsoft Visual Studio Solution File, Format Version 12.00
# Visual Studio Version 16
VisualStudioVersion = 16.0.28803.352
MinimumVisualStudioVersion = 10.0.40219.1
Project("{FAE04EC0-301F-11D3-BF4B-00C04F79EFBC}") = "RealTimeVAD", "RealTimeVAD\RealTimeVAD.csproj", "{FB5B74BF-8879-49C1-BB7A-4BAA5F53510A}"
EndProject
Project("{9A19103F-16F7-4668-BE54-9A1E7A4F7556}") = "ShortTimeEnergyVADDetectors", "ShortTimeEnergyVADDetectors\ShortTimeEnergyVADDetectors.csproj", "{9C63D201-E3DD-4E54-B212-9C96209A15FF}"
EndProject
Project("{FAE04EC0-301F-11D3-BF4B-00C04F79EFBC}") = "WindowsFormsVAD", "WindowsFormsVAD\WindowsFormsVAD.csproj", "{BBBE5BB7-11D9-4438-A160-046BBC7D85E5}"
EndProject
Project("{FAE04EC0-301F-11D3-BF4B-00C04F79EFBC}") = "Writer", "Writer\Writer.csproj", "{14FD8382-8509-477A-8684-C8F9F39D0689}"
EndProject
Global
	GlobalSection(SolutionConfigurationPlatforms) = preSolution
		Debug|Any CPU = Debug|Any CPU
		Release|Any CPU = Release|Any CPU
	EndGlobalSection
	GlobalSection(ProjectConfigurationPlatforms) = postSolution
		{FB5B74BF-8879-49C1-BB7A-4BAA5F53510A}.Debug|Any CPU.ActiveCfg = Debug|Any CPU
		{FB5B74BF-8879-49C1-BB7A-4BAA5F53510A}.Debug|Any CPU.Build.0 = Debug|Any CPU
		{FB5B74BF-8879-49C1-BB7A-4BAA5F53510A}.Release|Any CPU.ActiveCfg = Release|Any CPU
		{FB5B74BF-8879-49C1-BB7A-4BAA5F53510A}.Release|Any CPU.Build.0 = Release|Any CPU
		{9C63D201-E3DD-4E54-B212-9C96209A15FF}.Debug|Any CPU.ActiveCfg = Debug|Any CPU
		{9C63D201-E3DD-4E54-B212-9C96209A15FF}.Debug|Any CPU.Build.0 = Debug|Any CPU
		{9C63D201-E3DD-4E54-B212-9C96209A15FF}.Release|Any CPU.ActiveCfg = Release|Any CPU
		{9C63D201-E3DD-4E54-B212-9C96209A15FF}.Release|Any CPU.Build.0 = Release|Any CPU
		{BBBE5BB7-11D9-4438-A160-046BBC7D85E5}.Debug|Any CPU.ActiveCfg = Debug|Any CPU
		{BBBE5BB7-11D9-4438-A160-046BBC7D85E5}.Debug|Any CPU.Build.0 = Debug|Any CPU
		{BBBE5BB7-11D9-4438-A160-046BBC7D85E5}.Release|Any CPU.ActiveCfg = Release|Any CPU
		{BBBE5BB7-11D9-4438-A160-046BBC7D85E5}.Release|Any CPU.Build.0 = Release|Any CPU
		{14FD8382-8509-477A-8684-C8F9F39D0689}.Debug|Any CPU.ActiveCfg = Debug|Any CPU
		{14FD8382-8509-477A-8684-C8F9F39D0689}.Debug|Any CPU.Build.0 = Debug|Any CPU
		{14FD8382-8509-477A-8684-C8F9F39D0689}.Release|Any CPU.ActiveCfg = Release|Any CPU
		{14FD8382-8509-477A-8684-C8F9F39D0689}.Release|Any CPU.Build.0 = Release|Any CPU
	EndGlobalSection
	GlobalSection(SolutionProperties) = preSolution
		HideSolutionNode = FALSE
	EndGlobalSection
	GlobalSection(ExtensibilityGlobals) = postSolution
		SolutionGuid = {EB685DFD-9694-44A7-84F3-47BF74AFC7CC}
	EndGlobalSection
EndGlobal
